
Microsoft Visual Studio Solution File, Format Version 12.00
Project("{FAE04EC0-301F-11D3-BF4B-00C04F79EFBC}") = "GameWeaver", "src\server\GameWeaver\GameWeaver.csproj", "{E834132E-AC48-4648-8829-F7B01D1A4CEA}"
EndProject
Project("{FAE04EC0-301F-11D3-BF4B-00C04F79EFBC}") = "Domain", "src\server\Domain\Domain.csproj", "{189245E3-7019-4AA3-8852-2636C8323268}"
EndProject
Project("{FAE04EC0-301F-11D3-BF4B-00C04F79EFBC}") = "Application", "src\server\Application\Application.csproj", "{E41CCAD0-F86B-4EE5-824F-94026D8C0E55}"
EndProject
Project("{FAE04EC0-301F-11D3-BF4B-00C04F79EFBC}") = "Infrastructure", "src\server\Infrastructure\Infrastructure.csproj", "{8A4E5487-BFDF-4FF6-96AB-4867E09C27D9}"
EndProject
Project("{2150E333-8FDC-42A3-9474-1A3956D46DE8}") = "src", "src", "{142E668F-3B9E-45D6-990D-DA54CDE6CEAC}"
EndProject
Project("{2150E333-8FDC-42A3-9474-1A3956D46DE8}") = "server", "server", "{9B81BB7E-5EC6-4DF8-ADA1-6C015909EFB7}"
EndProject
Project("{2150E333-8FDC-42A3-9474-1A3956D46DE8}") = "client", "client", "{86E19DEF-312F-4CB0-8AEE-13B02AF283BD}"
EndProject
Project("{2150E333-8FDC-42A3-9474-1A3956D46DE8}") = "_solution_items", "_solution_items", "{D91DCF2C-323D-4E37-971B-CA3086940136}"
	ProjectSection(SolutionItems) = preProject
		README.md = README.md
		.gitignore = .gitignore
		LICENSE = LICENSE
		.github\CODEOWNERS = .github\CODEOWNERS
		.github\workflows\dotnet.yml = .github\workflows\dotnet.yml
		src\server\GameWeaver\Dockerfile = src\server\GameWeaver\Dockerfile
	EndProjectSection
EndProject
Project("{FAE04EC0-301F-11D3-BF4B-00C04F79EFBC}") = "WeaverService", "src\client\WeaverService\WeaverService.csproj", "{C79794FE-4CE7-4CAD-88C9-55FE7BDC1070}"
EndProject
Project("{FAE04EC0-301F-11D3-BF4B-00C04F79EFBC}") = "Application", "src\client\Application\Application.csproj", "{1C384552-2F46-4F30-BA27-48A2A32DCB67}"
EndProject
Project("{FAE04EC0-301F-11D3-BF4B-00C04F79EFBC}") = "Domain", "src\client\Domain\Domain.csproj", "{66A87543-C52D-443D-A006-EB90316D4F8C}"
EndProject
Project("{FAE04EC0-301F-11D3-BF4B-00C04F79EFBC}") = "Infrastructure", "src\client\Infrastructure\Infrastructure.csproj", "{F50A6D24-5CBB-4786-92E4-76E8BE2D5E18}"
EndProject
Project("{2150E333-8FDC-42A3-9474-1A3956D46DE8}") = "libraries", "libraries", "{723520DF-21C8-4F82-9916-57B7649CCD2C}"
EndProject
Project("{FAE04EC0-301F-11D3-BF4B-00C04F79EFBC}") = "GameServerQuery", "src\libraries\GameServerQuery\GameServerQuery.csproj", "{8E26E9BC-96AC-4941-AD66-C820B2865704}"
EndProject
Project("{FAE04EC0-301F-11D3-BF4B-00C04F79EFBC}") = "GameWeaverShared", "GameWeaverShared\GameWeaverShared.csproj", "{E33D79AD-D494-42E7-88A3-71038983909B}"
EndProject
Global
	GlobalSection(SolutionConfigurationPlatforms) = preSolution
		Debug|Any CPU = Debug|Any CPU
		Release|Any CPU = Release|Any CPU
	EndGlobalSection
	GlobalSection(ProjectConfigurationPlatforms) = postSolution
		{E834132E-AC48-4648-8829-F7B01D1A4CEA}.Debug|Any CPU.ActiveCfg = Debug|Any CPU
		{E834132E-AC48-4648-8829-F7B01D1A4CEA}.Debug|Any CPU.Build.0 = Debug|Any CPU
		{E834132E-AC48-4648-8829-F7B01D1A4CEA}.Release|Any CPU.ActiveCfg = Release|Any CPU
		{E834132E-AC48-4648-8829-F7B01D1A4CEA}.Release|Any CPU.Build.0 = Release|Any CPU
		{189245E3-7019-4AA3-8852-2636C8323268}.Debug|Any CPU.ActiveCfg = Debug|Any CPU
		{189245E3-7019-4AA3-8852-2636C8323268}.Debug|Any CPU.Build.0 = Debug|Any CPU
		{189245E3-7019-4AA3-8852-2636C8323268}.Release|Any CPU.ActiveCfg = Release|Any CPU
		{189245E3-7019-4AA3-8852-2636C8323268}.Release|Any CPU.Build.0 = Release|Any CPU
		{E41CCAD0-F86B-4EE5-824F-94026D8C0E55}.Debug|Any CPU.ActiveCfg = Debug|Any CPU
		{E41CCAD0-F86B-4EE5-824F-94026D8C0E55}.Debug|Any CPU.Build.0 = Debug|Any CPU
		{E41CCAD0-F86B-4EE5-824F-94026D8C0E55}.Release|Any CPU.ActiveCfg = Release|Any CPU
		{E41CCAD0-F86B-4EE5-824F-94026D8C0E55}.Release|Any CPU.Build.0 = Release|Any CPU
		{8A4E5487-BFDF-4FF6-96AB-4867E09C27D9}.Debug|Any CPU.ActiveCfg = Debug|Any CPU
		{8A4E5487-BFDF-4FF6-96AB-4867E09C27D9}.Debug|Any CPU.Build.0 = Debug|Any CPU
		{8A4E5487-BFDF-4FF6-96AB-4867E09C27D9}.Release|Any CPU.ActiveCfg = Release|Any CPU
		{8A4E5487-BFDF-4FF6-96AB-4867E09C27D9}.Release|Any CPU.Build.0 = Release|Any CPU
		{C79794FE-4CE7-4CAD-88C9-55FE7BDC1070}.Debug|Any CPU.ActiveCfg = Debug|Any CPU
		{C79794FE-4CE7-4CAD-88C9-55FE7BDC1070}.Debug|Any CPU.Build.0 = Debug|Any CPU
		{C79794FE-4CE7-4CAD-88C9-55FE7BDC1070}.Release|Any CPU.ActiveCfg = Release|Any CPU
		{C79794FE-4CE7-4CAD-88C9-55FE7BDC1070}.Release|Any CPU.Build.0 = Release|Any CPU
		{1C384552-2F46-4F30-BA27-48A2A32DCB67}.Debug|Any CPU.ActiveCfg = Debug|Any CPU
		{1C384552-2F46-4F30-BA27-48A2A32DCB67}.Debug|Any CPU.Build.0 = Debug|Any CPU
		{1C384552-2F46-4F30-BA27-48A2A32DCB67}.Release|Any CPU.ActiveCfg = Release|Any CPU
		{1C384552-2F46-4F30-BA27-48A2A32DCB67}.Release|Any CPU.Build.0 = Release|Any CPU
		{66A87543-C52D-443D-A006-EB90316D4F8C}.Debug|Any CPU.ActiveCfg = Debug|Any CPU
		{66A87543-C52D-443D-A006-EB90316D4F8C}.Debug|Any CPU.Build.0 = Debug|Any CPU
		{66A87543-C52D-443D-A006-EB90316D4F8C}.Release|Any CPU.ActiveCfg = Release|Any CPU
		{66A87543-C52D-443D-A006-EB90316D4F8C}.Release|Any CPU.Build.0 = Release|Any CPU
		{F50A6D24-5CBB-4786-92E4-76E8BE2D5E18}.Debug|Any CPU.ActiveCfg = Debug|Any CPU
		{F50A6D24-5CBB-4786-92E4-76E8BE2D5E18}.Debug|Any CPU.Build.0 = Debug|Any CPU
		{F50A6D24-5CBB-4786-92E4-76E8BE2D5E18}.Release|Any CPU.ActiveCfg = Release|Any CPU
		{F50A6D24-5CBB-4786-92E4-76E8BE2D5E18}.Release|Any CPU.Build.0 = Release|Any CPU
		{8E26E9BC-96AC-4941-AD66-C820B2865704}.Debug|Any CPU.ActiveCfg = Debug|Any CPU
		{8E26E9BC-96AC-4941-AD66-C820B2865704}.Debug|Any CPU.Build.0 = Debug|Any CPU
		{8E26E9BC-96AC-4941-AD66-C820B2865704}.Release|Any CPU.ActiveCfg = Release|Any CPU
		{8E26E9BC-96AC-4941-AD66-C820B2865704}.Release|Any CPU.Build.0 = Release|Any CPU
		{E33D79AD-D494-42E7-88A3-71038983909B}.Debug|Any CPU.ActiveCfg = Debug|Any CPU
		{E33D79AD-D494-42E7-88A3-71038983909B}.Debug|Any CPU.Build.0 = Debug|Any CPU
		{E33D79AD-D494-42E7-88A3-71038983909B}.Release|Any CPU.ActiveCfg = Release|Any CPU
		{E33D79AD-D494-42E7-88A3-71038983909B}.Release|Any CPU.Build.0 = Release|Any CPU
	EndGlobalSection
	GlobalSection(NestedProjects) = preSolution
		{9B81BB7E-5EC6-4DF8-ADA1-6C015909EFB7} = {142E668F-3B9E-45D6-990D-DA54CDE6CEAC}
		{86E19DEF-312F-4CB0-8AEE-13B02AF283BD} = {142E668F-3B9E-45D6-990D-DA54CDE6CEAC}
		{E41CCAD0-F86B-4EE5-824F-94026D8C0E55} = {9B81BB7E-5EC6-4DF8-ADA1-6C015909EFB7}
		{189245E3-7019-4AA3-8852-2636C8323268} = {9B81BB7E-5EC6-4DF8-ADA1-6C015909EFB7}
		{8A4E5487-BFDF-4FF6-96AB-4867E09C27D9} = {9B81BB7E-5EC6-4DF8-ADA1-6C015909EFB7}
		{E834132E-AC48-4648-8829-F7B01D1A4CEA} = {9B81BB7E-5EC6-4DF8-ADA1-6C015909EFB7}
		{C79794FE-4CE7-4CAD-88C9-55FE7BDC1070} = {86E19DEF-312F-4CB0-8AEE-13B02AF283BD}
		{1C384552-2F46-4F30-BA27-48A2A32DCB67} = {86E19DEF-312F-4CB0-8AEE-13B02AF283BD}
		{66A87543-C52D-443D-A006-EB90316D4F8C} = {86E19DEF-312F-4CB0-8AEE-13B02AF283BD}
		{F50A6D24-5CBB-4786-92E4-76E8BE2D5E18} = {86E19DEF-312F-4CB0-8AEE-13B02AF283BD}
		{723520DF-21C8-4F82-9916-57B7649CCD2C} = {142E668F-3B9E-45D6-990D-DA54CDE6CEAC}
		{8E26E9BC-96AC-4941-AD66-C820B2865704} = {723520DF-21C8-4F82-9916-57B7649CCD2C}
		{E33D79AD-D494-42E7-88A3-71038983909B} = {723520DF-21C8-4F82-9916-57B7649CCD2C}
	EndGlobalSection
EndGlobal
